// !$*UTF8*$!
{
	archiveVersion = 1;
	classes = {
	};
	objectVersion = 50;
	objects = {

/* Begin PBXBuildFile section */
		2148875B20D9A0A9000132F0 /* CategoryViewController.swift in Sources */ = {isa = PBXBuildFile; fileRef = 2148875A20D9A0A9000132F0 /* CategoryViewController.swift */; };
		21941B2F20D084E900041A37 /* AppDelegate.swift in Sources */ = {isa = PBXBuildFile; fileRef = 21941B2E20D084E900041A37 /* AppDelegate.swift */; };
		21941B3120D084E900041A37 /* ToDoListViewController.swift in Sources */ = {isa = PBXBuildFile; fileRef = 21941B3020D084E900041A37 /* ToDoListViewController.swift */; };
		21941B3420D084E900041A37 /* Main.storyboard in Resources */ = {isa = PBXBuildFile; fileRef = 21941B3220D084E900041A37 /* Main.storyboard */; };
		21941B3620D084EA00041A37 /* Assets.xcassets in Resources */ = {isa = PBXBuildFile; fileRef = 21941B3520D084EA00041A37 /* Assets.xcassets */; };
		21941B3920D084EA00041A37 /* LaunchScreen.storyboard in Resources */ = {isa = PBXBuildFile; fileRef = 21941B3720D084EA00041A37 /* LaunchScreen.storyboard */; };
		21A4331A20DB1239004120E1 /* Item.swift in Sources */ = {isa = PBXBuildFile; fileRef = 21A4331920DB1239004120E1 /* Item.swift */; };
		21A4331C20DB1393004120E1 /* Category.swift in Sources */ = {isa = PBXBuildFile; fileRef = 21A4331B20DB1393004120E1 /* Category.swift */; };
		21AA217020E6AA400080EDC2 /* SwipeTableViewController.swift in Sources */ = {isa = PBXBuildFile; fileRef = 21AA216F20E6AA400080EDC2 /* SwipeTableViewController.swift */; };
		A1536C9A72C7B648E5F193B8 /* Pods_Do_This.framework in Frameworks */ = {isa = PBXBuildFile; fileRef = F10357417EE5BB3E8581C37C /* Pods_Do_This.framework */; };
/* End PBXBuildFile section */

/* Begin PBXFileReference section */
		2148875A20D9A0A9000132F0 /* CategoryViewController.swift */ = {isa = PBXFileReference; lastKnownFileType = sourcecode.swift; path = CategoryViewController.swift; sourceTree = "<group>"; };
		21941B2B20D084E900041A37 /* Do This.app */ = {isa = PBXFileReference; explicitFileType = wrapper.application; includeInIndex = 0; path = "Do This.app"; sourceTree = BUILT_PRODUCTS_DIR; };
		21941B2E20D084E900041A37 /* AppDelegate.swift */ = {isa = PBXFileReference; lastKnownFileType = sourcecode.swift; path = AppDelegate.swift; sourceTree = "<group>"; };
		21941B3020D084E900041A37 /* ToDoListViewController.swift */ = {isa = PBXFileReference; lastKnownFileType = sourcecode.swift; path = ToDoListViewController.swift; sourceTree = "<group>"; };
		21941B3320D084E900041A37 /* Base */ = {isa = PBXFileReference; lastKnownFileType = file.storyboard; name = Base; path = Base.lproj/Main.storyboard; sourceTree = "<group>"; };
		21941B3520D084EA00041A37 /* Assets.xcassets */ = {isa = PBXFileReference; lastKnownFileType = folder.assetcatalog; path = Assets.xcassets; sourceTree = "<group>"; };
		21941B3820D084EA00041A37 /* Base */ = {isa = PBXFileReference; lastKnownFileType = file.storyboard; name = Base; path = Base.lproj/LaunchScreen.storyboard; sourceTree = "<group>"; };
		21941B3A20D084EA00041A37 /* Info.plist */ = {isa = PBXFileReference; lastKnownFileType = text.plist.xml; path = Info.plist; sourceTree = "<group>"; };
		21A4331920DB1239004120E1 /* Item.swift */ = {isa = PBXFileReference; lastKnownFileType = sourcecode.swift; path = Item.swift; sourceTree = "<group>"; };
		21A4331B20DB1393004120E1 /* Category.swift */ = {isa = PBXFileReference; lastKnownFileType = sourcecode.swift; path = Category.swift; sourceTree = "<group>"; };
		21AA216F20E6AA400080EDC2 /* SwipeTableViewController.swift */ = {isa = PBXFileReference; lastKnownFileType = sourcecode.swift; path = SwipeTableViewController.swift; sourceTree = "<group>"; };
		8B41E396F281A93FABA83CEC /* Pods-Do This.debug.xcconfig */ = {isa = PBXFileReference; includeInIndex = 1; lastKnownFileType = text.xcconfig; name = "Pods-Do This.debug.xcconfig"; path = "Pods/Target Support Files/Pods-Do This/Pods-Do This.debug.xcconfig"; sourceTree = "<group>"; };
		94B9B7A680BF9BD991D82B97 /* Pods-Do This.release.xcconfig */ = {isa = PBXFileReference; includeInIndex = 1; lastKnownFileType = text.xcconfig; name = "Pods-Do This.release.xcconfig"; path = "Pods/Target Support Files/Pods-Do This/Pods-Do This.release.xcconfig"; sourceTree = "<group>"; };
		F10357417EE5BB3E8581C37C /* Pods_Do_This.framework */ = {isa = PBXFileReference; explicitFileType = wrapper.framework; includeInIndex = 0; path = Pods_Do_This.framework; sourceTree = BUILT_PRODUCTS_DIR; };
/* End PBXFileReference section */

/* Begin PBXFrameworksBuildPhase section */
		21941B2820D084E900041A37 /* Frameworks */ = {
			isa = PBXFrameworksBuildPhase;
			buildActionMask = 2147483647;
			files = (
				A1536C9A72C7B648E5F193B8 /* Pods_Do_This.framework in Frameworks */,
			);
			runOnlyForDeploymentPostprocessing = 0;
		};
/* End PBXFrameworksBuildPhase section */

/* Begin PBXGroup section */
		210C5CAC20D0C35600A7D6AD /* Controllers */ = {
			isa = PBXGroup;
			children = (
				2148875A20D9A0A9000132F0 /* CategoryViewController.swift */,
				21941B3020D084E900041A37 /* ToDoListViewController.swift */,
				21AA216F20E6AA400080EDC2 /* SwipeTableViewController.swift */,
			);
			path = Controllers;
			sourceTree = "<group>";
		};
		210C5CAD20D0C36200A7D6AD /* Models */ = {
			isa = PBXGroup;
			children = (
				21A4331B20DB1393004120E1 /* Category.swift */,
				21A4331920DB1239004120E1 /* Item.swift */,
			);
			path = Models;
			sourceTree = "<group>";
		};
		210C5CAE20D0C36900A7D6AD /* Views */ = {
			isa = PBXGroup;
			children = (
				21941B3220D084E900041A37 /* Main.storyboard */,
			);
			path = Views;
			sourceTree = "<group>";
		};
		210C5CAF20D0C3C400A7D6AD /* Supporting Files */ = {
			isa = PBXGroup;
			children = (
				21941B2E20D084E900041A37 /* AppDelegate.swift */,
				21941B3720D084EA00041A37 /* LaunchScreen.storyboard */,
				21941B3520D084EA00041A37 /* Assets.xcassets */,
				21941B3A20D084EA00041A37 /* Info.plist */,
			);
			path = "Supporting Files";
			sourceTree = "<group>";
		};
		21941B2220D084E900041A37 = {
			isa = PBXGroup;
			children = (
				21941B2D20D084E900041A37 /* Do This */,
				21941B2C20D084E900041A37 /* Products */,
				78F96618C3052BFC59F29DA3 /* Pods */,
				BDB90AC25175370A2DF866CE /* Frameworks */,
			);
			sourceTree = "<group>";
		};
		21941B2C20D084E900041A37 /* Products */ = {
			isa = PBXGroup;
			children = (
				21941B2B20D084E900041A37 /* Do This.app */,
			);
			name = Products;
			sourceTree = "<group>";
		};
		21941B2D20D084E900041A37 /* Do This */ = {
			isa = PBXGroup;
			children = (
				210C5CAD20D0C36200A7D6AD /* Models */,
				210C5CAE20D0C36900A7D6AD /* Views */,
				210C5CAC20D0C35600A7D6AD /* Controllers */,
				210C5CAF20D0C3C400A7D6AD /* Supporting Files */,
			);
			path = "Do This";
			sourceTree = "<group>";
		};
		78F96618C3052BFC59F29DA3 /* Pods */ = {
			isa = PBXGroup;
			children = (
				8B41E396F281A93FABA83CEC /* Pods-Do This.debug.xcconfig */,
				94B9B7A680BF9BD991D82B97 /* Pods-Do This.release.xcconfig */,
			);
			name = Pods;
			sourceTree = "<group>";
		};
		BDB90AC25175370A2DF866CE /* Frameworks */ = {
			isa = PBXGroup;
			children = (
				F10357417EE5BB3E8581C37C /* Pods_Do_This.framework */,
			);
			name = Frameworks;
			sourceTree = "<group>";
		};
/* End PBXGroup section */

/* Begin PBXNativeTarget section */
		21941B2A20D084E900041A37 /* Do This */ = {
			isa = PBXNativeTarget;
			buildConfigurationList = 21941B3D20D084EA00041A37 /* Build configuration list for PBXNativeTarget "Do This" */;
			buildPhases = (
				6FBAE8C4A77C0023BD23F751 /* [CP] Check Pods Manifest.lock */,
				21C1568120E5A78700553925 /* ShellScript */,
				21941B2720D084E900041A37 /* Sources */,
				21941B2820D084E900041A37 /* Frameworks */,
				21941B2920D084E900041A37 /* Resources */,
				ECFB8571071436FB5DBD9931 /* [CP] Embed Pods Frameworks */,
			);
			buildRules = (
			);
			dependencies = (
			);
			name = "Do This";
			productName = "Do This";
			productReference = 21941B2B20D084E900041A37 /* Do This.app */;
			productType = "com.apple.product-type.application";
		};
/* End PBXNativeTarget section */

/* Begin PBXProject section */
		21941B2320D084E900041A37 /* Project object */ = {
			isa = PBXProject;
			attributes = {
				LastSwiftUpdateCheck = 0940;
				LastUpgradeCheck = 0940;
				ORGANIZATIONNAME = "Luis M Gonzalez";
				TargetAttributes = {
					21941B2A20D084E900041A37 = {
						CreatedOnToolsVersion = 9.4;
					};
				};
			};
			buildConfigurationList = 21941B2620D084E900041A37 /* Build configuration list for PBXProject "Do This" */;
			compatibilityVersion = "Xcode 9.3";
			developmentRegion = en;
			hasScannedForEncodings = 0;
			knownRegions = (
				en,
				Base,
			);
			mainGroup = 21941B2220D084E900041A37;
			productRefGroup = 21941B2C20D084E900041A37 /* Products */;
			projectDirPath = "";
			projectRoot = "";
			targets = (
				21941B2A20D084E900041A37 /* Do This */,
			);
		};
/* End PBXProject section */

/* Begin PBXResourcesBuildPhase section */
		21941B2920D084E900041A37 /* Resources */ = {
			isa = PBXResourcesBuildPhase;
			buildActionMask = 2147483647;
			files = (
				21941B3920D084EA00041A37 /* LaunchScreen.storyboard in Resources */,
				21941B3620D084EA00041A37 /* Assets.xcassets in Resources */,
				21941B3420D084E900041A37 /* Main.storyboard in Resources */,
			);
			runOnlyForDeploymentPostprocessing = 0;
		};
/* End PBXResourcesBuildPhase section */

/* Begin PBXShellScriptBuildPhase section */
		21C1568120E5A78700553925 /* ShellScript */ = {
			isa = PBXShellScriptBuildPhase;
			buildActionMask = 2147483647;
			files = (
			);
			inputPaths = (
			);
			outputPaths = (
			);
			runOnlyForDeploymentPostprocessing = 0;
			shellPath = /bin/sh;
			shellScript = "\"${PODS_ROOT}/SwiftLint/swiftlint\"";
		};
		6FBAE8C4A77C0023BD23F751 /* [CP] Check Pods Manifest.lock */ = {
			isa = PBXShellScriptBuildPhase;
			buildActionMask = 2147483647;
			files = (
			);
			inputPaths = (
				"${PODS_PODFILE_DIR_PATH}/Podfile.lock",
				"${PODS_ROOT}/Manifest.lock",
			);
			name = "[CP] Check Pods Manifest.lock";
			outputPaths = (
				"$(DERIVED_FILE_DIR)/Pods-Do This-checkManifestLockResult.txt",
			);
			runOnlyForDeploymentPostprocessing = 0;
			shellPath = /bin/sh;
			shellScript = "diff \"${PODS_PODFILE_DIR_PATH}/Podfile.lock\" \"${PODS_ROOT}/Manifest.lock\" > /dev/null\nif [ $? != 0 ] ; then\n    # print error to STDERR\n    echo \"error: The sandbox is not in sync with the Podfile.lock. Run 'pod install' or update your CocoaPods installation.\" >&2\n    exit 1\nfi\n# This output is used by Xcode 'outputs' to avoid re-running this script phase.\necho \"SUCCESS\" > \"${SCRIPT_OUTPUT_FILE_0}\"\n";
			showEnvVarsInLog = 0;
		};
		ECFB8571071436FB5DBD9931 /* [CP] Embed Pods Frameworks */ = {
			isa = PBXShellScriptBuildPhase;
			buildActionMask = 2147483647;
			files = (
			);
			inputPaths = (
				"${SRCROOT}/Pods/Target Support Files/Pods-Do This/Pods-Do This-frameworks.sh",
				"${BUILT_PRODUCTS_DIR}/ChameleonFramework/ChameleonFramework.framework",
				"${BUILT_PRODUCTS_DIR}/Realm/Realm.framework",
				"${BUILT_PRODUCTS_DIR}/RealmSwift/RealmSwift.framework",
				"${BUILT_PRODUCTS_DIR}/SwipeCellKit/SwipeCellKit.framework",
			);
			name = "[CP] Embed Pods Frameworks";
			outputPaths = (
				"${TARGET_BUILD_DIR}/${FRAMEWORKS_FOLDER_PATH}/ChameleonFramework.framework",
				"${TARGET_BUILD_DIR}/${FRAMEWORKS_FOLDER_PATH}/Realm.framework",
				"${TARGET_BUILD_DIR}/${FRAMEWORKS_FOLDER_PATH}/RealmSwift.framework",
				"${TARGET_BUILD_DIR}/${FRAMEWORKS_FOLDER_PATH}/SwipeCellKit.framework",
			);
			runOnlyForDeploymentPostprocessing = 0;
			shellPath = /bin/sh;
			shellScript = "\"${SRCROOT}/Pods/Target Support Files/Pods-Do This/Pods-Do This-frameworks.sh\"\n";
			showEnvVarsInLog = 0;
		};
/* End PBXShellScriptBuildPhase section */

/* Begin PBXSourcesBuildPhase section */
		21941B2720D084E900041A37 /* Sources */ = {
			isa = PBXSourcesBuildPhase;
			buildActionMask = 2147483647;
			files = (
				21A4331A20DB1239004120E1 /* Item.swift in Sources */,
				2148875B20D9A0A9000132F0 /* CategoryViewController.swift in Sources */,
				21941B3120D084E900041A37 /* ToDoListViewController.swift in Sources */,
				21941B2F20D084E900041A37 /* AppDelegate.swift in Sources */,
				21AA217020E6AA400080EDC2 /* SwipeTableViewController.swift in Sources */,
				21A4331C20DB1393004120E1 /* Category.swift in Sources */,
			);
			runOnlyForDeploymentPostprocessing = 0;
		};
/* End PBXSourcesBuildPhase section */

/* Begin PBXVariantGroup section */
		21941B3220D084E900041A37 /* Main.storyboard */ = {
			isa = PBXVariantGroup;
			children = (
				21941B3320D084E900041A37 /* Base */,
			);
			name = Main.storyboard;
			sourceTree = "<group>";
		};
		21941B3720D084EA00041A37 /* LaunchScreen.storyboard */ = {
			isa = PBXVariantGroup;
			children = (
				21941B3820D084EA00041A37 /* Base */,
			);
			name = LaunchScreen.storyboard;
			sourceTree = "<group>";
		};
/* End PBXVariantGroup section */

/* Begin XCBuildConfiguration section */
		21941B3B20D084EA00041A37 /* Debug */ = {
			isa = XCBuildConfiguration;
			buildSettings = {
				ALWAYS_SEARCH_USER_PATHS = NO;
				CLANG_ANALYZER_NONNULL = YES;
				CLANG_ANALYZER_NUMBER_OBJECT_CONVERSION = YES_AGGRESSIVE;
				CLANG_CXX_LANGUAGE_STANDARD = "gnu++14";
				CLANG_CXX_LIBRARY = "libc++";
				CLANG_ENABLE_MODULES = YES;
				CLANG_ENABLE_OBJC_ARC = YES;
				CLANG_ENABLE_OBJC_WEAK = YES;
				CLANG_WARN_BLOCK_CAPTURE_AUTORELEASING = YES;
				CLANG_WARN_BOOL_CONVERSION = YES;
				CLANG_WARN_COMMA = YES;
				CLANG_WARN_CONSTANT_CONVERSION = YES;
				CLANG_WARN_DEPRECATED_OBJC_IMPLEMENTATIONS = YES;
				CLANG_WARN_DIRECT_OBJC_ISA_USAGE = YES_ERROR;
				CLANG_WARN_DOCUMENTATION_COMMENTS = YES;
				CLANG_WARN_EMPTY_BODY = YES;
				CLANG_WARN_ENUM_CONVERSION = YES;
				CLANG_WARN_INFINITE_RECURSION = YES;
				CLANG_WARN_INT_CONVERSION = YES;
				CLANG_WARN_NON_LITERAL_NULL_CONVERSION = YES;
				CLANG_WARN_OBJC_IMPLICIT_RETAIN_SELF = YES;
				CLANG_WARN_OBJC_LITERAL_CONVERSION = YES;
				CLANG_WARN_OBJC_ROOT_CLASS = YES_ERROR;
				CLANG_WARN_RANGE_LOOP_ANALYSIS = YES;
				CLANG_WARN_STRICT_PROTOTYPES = YES;
				CLANG_WARN_SUSPICIOUS_MOVE = YES;
				CLANG_WARN_UNGUARDED_AVAILABILITY = YES_AGGRESSIVE;
				CLANG_WARN_UNREACHABLE_CODE = YES;
				CLANG_WARN__DUPLICATE_METHOD_MATCH = YES;
				CODE_SIGN_IDENTITY = "iPhone Developer";
				COPY_PHASE_STRIP = NO;
				DEBUG_INFORMATION_FORMAT = dwarf;
				ENABLE_STRICT_OBJC_MSGSEND = YES;
				ENABLE_TESTABILITY = YES;
				GCC_C_LANGUAGE_STANDARD = gnu11;
				GCC_DYNAMIC_NO_PIC = NO;
				GCC_NO_COMMON_BLOCKS = YES;
				GCC_OPTIMIZATION_LEVEL = 0;
				GCC_PREPROCESSOR_DEFINITIONS = (
					"DEBUG=1",
					"$(inherited)",
				);
				GCC_WARN_64_TO_32_BIT_CONVERSION = YES;
				GCC_WARN_ABOUT_RETURN_TYPE = YES_ERROR;
				GCC_WARN_UNDECLARED_SELECTOR = YES;
				GCC_WARN_UNINITIALIZED_AUTOS = YES_AGGRESSIVE;
				GCC_WARN_UNUSED_FUNCTION = YES;
				GCC_WARN_UNUSED_VARIABLE = YES;
				IPHONEOS_DEPLOYMENT_TARGET = 11.4;
				MTL_ENABLE_DEBUG_INFO = YES;
				ONLY_ACTIVE_ARCH = YES;
				SDKROOT = iphoneos;
				SWIFT_ACTIVE_COMPILATION_CONDITIONS = DEBUG;
				SWIFT_OPTIMIZATION_LEVEL = "-Onone";
			};
			name = Debug;
		};
		21941B3C20D084EA00041A37 /* Release */ = {
			isa = XCBuildConfiguration;
			buildSettings = {
				ALWAYS_SEARCH_USER_PATHS = NO;
				CLANG_ANALYZER_NONNULL = YES;
				CLANG_ANALYZER_NUMBER_OBJECT_CONVERSION = YES_AGGRESSIVE;
				CLANG_CXX_LANGUAGE_STANDARD = "gnu++14";
				CLANG_CXX_LIBRARY = "libc++";
				CLANG_ENABLE_MODULES = YES;
				CLANG_ENABLE_OBJC_ARC = YES;
				CLANG_ENABLE_OBJC_WEAK = YES;
				CLANG_WARN_BLOCK_CAPTURE_AUTORELEASING = YES;
				CLANG_WARN_BOOL_CONVERSION = YES;
				CLANG_WARN_COMMA = YES;
				CLANG_WARN_CONSTANT_CONVERSION = YES;
				CLANG_WARN_DEPRECATED_OBJC_IMPLEMENTATIONS = YES;
				CLANG_WARN_DIRECT_OBJC_ISA_USAGE = YES_ERROR;
				CLANG_WARN_DOCUMENTATION_COMMENTS = YES;
				CLANG_WARN_EMPTY_BODY = YES;
				CLANG_WARN_ENUM_CONVERSION = YES;
				CLANG_WARN_INFINITE_RECURSION = YES;
				CLANG_WARN_INT_CONVERSION = YES;
				CLANG_WARN_NON_LITERAL_NULL_CONVERSION = YES;
				CLANG_WARN_OBJC_IMPLICIT_RETAIN_SELF = YES;
				CLANG_WARN_OBJC_LITERAL_CONVERSION = YES;
				CLANG_WARN_OBJC_ROOT_CLASS = YES_ERROR;
				CLANG_WARN_RANGE_LOOP_ANALYSIS = YES;
				CLANG_WARN_STRICT_PROTOTYPES = YES;
				CLANG_WARN_SUSPICIOUS_MOVE = YES;
				CLANG_WARN_UNGUARDED_AVAILABILITY = YES_AGGRESSIVE;
				CLANG_WARN_UNREACHABLE_CODE = YES;
				CLANG_WARN__DUPLICATE_METHOD_MATCH = YES;
				CODE_SIGN_IDENTITY = "iPhone Developer";
				COPY_PHASE_STRIP = NO;
				DEBUG_INFORMATION_FORMAT = "dwarf-with-dsym";
				ENABLE_NS_ASSERTIONS = NO;
				ENABLE_STRICT_OBJC_MSGSEND = YES;
				GCC_C_LANGUAGE_STANDARD = gnu11;
				GCC_NO_COMMON_BLOCKS = YES;
				GCC_WARN_64_TO_32_BIT_CONVERSION = YES;
				GCC_WARN_ABOUT_RETURN_TYPE = YES_ERROR;
				GCC_WARN_UNDECLARED_SELECTOR = YES;
				GCC_WARN_UNINITIALIZED_AUTOS = YES_AGGRESSIVE;
				GCC_WARN_UNUSED_FUNCTION = YES;
				GCC_WARN_UNUSED_VARIABLE = YES;
				IPHONEOS_DEPLOYMENT_TARGET = 11.4;
				MTL_ENABLE_DEBUG_INFO = NO;
				SDKROOT = iphoneos;
				SWIFT_COMPILATION_MODE = wholemodule;
				SWIFT_OPTIMIZATION_LEVEL = "-O";
				VALIDATE_PRODUCT = YES;
			};
			name = Release;
		};
		21941B3E20D084EA00041A37 /* Debug */ = {
			isa = XCBuildConfiguration;
			baseConfigurationReference = 8B41E396F281A93FABA83CEC /* Pods-Do This.debug.xcconfig */;
			buildSettings = {
				ASSETCATALOG_COMPILER_APPICON_NAME = AppIcon;
				CODE_SIGN_STYLE = Automatic;
				DEVELOPMENT_TEAM = 6342KE2Y4P;
				INFOPLIST_FILE = "Do This/Supporting Files/Info.plist";
				LD_RUNPATH_SEARCH_PATHS = (
					"$(inherited)",
					"@executable_path/Frameworks",
				);
				PRODUCT_BUNDLE_IDENTIFIER = "com.luismgb.Do-This";
				PRODUCT_NAME = "$(TARGET_NAME)";
				SWIFT_VERSION = 4.0;
				TARGETED_DEVICE_FAMILY = "1,2";
			};
			name = Debug;
		};
		21941B3F20D084EA00041A37 /* Release */ = {
			isa = XCBuildConfiguration;
			baseConfigurationReference = 94B9B7A680BF9BD991D82B97 /* Pods-Do This.release.xcconfig */;
			buildSettings = {
				ASSETCATALOG_COMPILER_APPICON_NAME = AppIcon;
				CODE_SIGN_STYLE = Automatic;
				DEVELOPMENT_TEAM = 6342KE2Y4P;
				INFOPLIST_FILE = "Do This/Supporting Files/Info.plist";
				LD_RUNPATH_SEARCH_PATHS = (
					"$(inherited)",
					"@executable_path/Frameworks",
				);
				PRODUCT_BUNDLE_IDENTIFIER = "com.luismgb.Do-This";
				PRODUCT_NAME = "$(TARGET_NAME)";
				SWIFT_VERSION = 4.0;
				TARGETED_DEVICE_FAMILY = "1,2";
			};
			name = Release;
		};
/* End XCBuildConfiguration section */

/* Begin XCConfigurationList section */
		21941B2620D084E900041A37 /* Build configuration list for PBXProject "Do This" */ = {
			isa = XCConfigurationList;
			buildConfigurations = (
				21941B3B20D084EA00041A37 /* Debug */,
				21941B3C20D084EA00041A37 /* Release */,
			);
			defaultConfigurationIsVisible = 0;
			defaultConfigurationName = Release;
		};
		21941B3D20D084EA00041A37 /* Build configuration list for PBXNativeTarget "Do This" */ = {
			isa = XCConfigurationList;
			buildConfigurations = (
				21941B3E20D084EA00041A37 /* Debug */,
				21941B3F20D084EA00041A37 /* Release */,
			);
			defaultConfigurationIsVisible = 0;
			defaultConfigurationName = Release;
		};
/* End XCConfigurationList section */
	};
	rootObject = 21941B2320D084E900041A37 /* Project object */;
}
