PODS:
  - ChameleonFramework/Default (2.1.0)
  - ChameleonFramework/Swift (2.1.0):
    - ChameleonFramework/Default
  - Realm (3.7.5):
    - Realm/Headers (= 3.7.5)
  - Realm/Headers (3.7.5)
  - RealmSwift (3.7.5):
    - Realm (= 3.7.5)
  - SwiftLint (0.27.0)
  - SwipeCellKit (2.4.3)

DEPENDENCIES:
  - ChameleonFramework/Swift (from `https://github.com/mapierce/Chameleon.git`)
  - RealmSwift
  - SwiftLint
  - SwipeCellKit

SPEC REPOS:
  https://github.com/cocoapods/specs.git:
    - Realm
    - RealmSwift
    - SwiftLint
    - SwipeCellKit

EXTERNAL SOURCES:
  ChameleonFramework:
    :git: https://github.com/mapierce/Chameleon.git

CHECKOUT OPTIONS:
  ChameleonFramework:
    :commit: e2ab0969c3defbad65a414d4331a22876040f912
    :git: https://github.com/mapierce/Chameleon.git

SPEC CHECKSUMS:
  ChameleonFramework: d21a3cc247abfe5e37609a283a8238b03575cf64
  Realm: c286caf4dbf346ce24aad49ca76c7ce622d4a082
  RealmSwift: 2a9281e37d6de55f66f76254d49d28aeb1b729e4
  SwiftLint: 3207c1faa2240bf8973b191820a116113cd11073
  SwipeCellKit: cee9906e6d3a36e22ad1a852fba7f8fa0839d113

PODFILE CHECKSUM: f9d03028a4fe3441f3753a64f7e9bf401c36820e

COCOAPODS: 1.5.3
