PODS:
  - Realm (3.1.0):
    - Realm/Headers (= 3.1.0)
  - Realm/Headers (3.1.0)
  - RealmSwift (3.1.0):
    - Realm (= 3.1.0)

DEPENDENCIES:
  - RealmSwift

SPEC REPOS:
  https://github.com/cocoapods/specs.git:
    - Realm
    - RealmSwift

SPEC CHECKSUMS:
  Realm: 09513d7c054678d65cd02ce09871f805b0d758ac
  RealmSwift: e868fee9b10e5490ad94b6b6ecd9027944da1824

PODFILE CHECKSUM: 9c43ab5583b2cd88d72a0fed0e854cc1b9e41724

COCOAPODS: 1.5.3
